
Microsoft Visual Studio Solution File, Format Version 12.00
# Visual Studio 15
VisualStudioVersion = 15.0.28010.2026
MinimumVisualStudioVersion = 10.0.40219.1
Project("{FAE04EC0-301F-11D3-BF4B-00C04F79EFBC}") = "Google-Drive-Asset-Syncer", "Google-Drive-Asset-Syncer\Google-Drive-Asset-Syncer.csproj", "{3A2FD507-09F6-4D12-B6BE-B5174743A333}"
EndProject
Global
	GlobalSection(SolutionConfigurationPlatforms) = preSolution
		Debug|Any CPU = Debug|Any CPU
		Release|Any CPU = Release|Any CPU
	EndGlobalSection
	GlobalSection(ProjectConfigurationPlatforms) = postSolution
		{3A2FD507-09F6-4D12-B6BE-B5174743A333}.Debug|Any CPU.ActiveCfg = Debug|Any CPU
		{3A2FD507-09F6-4D12-B6BE-B5174743A333}.Debug|Any CPU.Build.0 = Debug|Any CPU
		{3A2FD507-09F6-4D12-B6BE-B5174743A333}.Release|Any CPU.ActiveCfg = Release|Any CPU
		{3A2FD507-09F6-4D12-B6BE-B5174743A333}.Release|Any CPU.Build.0 = Release|Any CPU
	EndGlobalSection
	GlobalSection(SolutionProperties) = preSolution
		HideSolutionNode = FALSE
	EndGlobalSection
	GlobalSection(ExtensibilityGlobals) = postSolution
		SolutionGuid = {8871FC4D-AF80-4F7E-85DD-5E0DE9BC370C}
	EndGlobalSection
EndGlobal
